
Microsoft Visual Studio Solution File, Format Version 12.00
# Visual Studio Version 16
VisualStudioVersion = 16.0.29102.190
MinimumVisualStudioVersion = 10.0.40219.1
Project("{FAE04EC0-301F-11D3-BF4B-00C04F79EFBC}") = "PictureViewer", "PictureViewer\PictureViewer.csproj", "{14C6BCF5-8FEE-4C42-A707-1FA463B79097}"
EndProject
Global
	GlobalSection(SolutionConfigurationPlatforms) = preSolution
		Debug|Any CPU = Debug|Any CPU
		Release|Any CPU = Release|Any CPU
	EndGlobalSection
	GlobalSection(ProjectConfigurationPlatforms) = postSolution
		{14C6BCF5-8FEE-4C42-A707-1FA463B79097}.Debug|Any CPU.ActiveCfg = Debug|Any CPU
		{14C6BCF5-8FEE-4C42-A707-1FA463B79097}.Debug|Any CPU.Build.0 = Debug|Any CPU
		{14C6BCF5-8FEE-4C42-A707-1FA463B79097}.Release|Any CPU.ActiveCfg = Release|Any CPU
		{14C6BCF5-8FEE-4C42-A707-1FA463B79097}.Release|Any CPU.Build.0 = Release|Any CPU
	EndGlobalSection
	GlobalSection(SolutionProperties) = preSolution
		HideSolutionNode = FALSE
	EndGlobalSection
	GlobalSection(ExtensibilityGlobals) = postSolution
		SolutionGuid = {DA27D1CC-81C2-4665-BADB-0FCDAEDE295A}
	EndGlobalSection
EndGlobal
